// !$*UTF8*$!
{
	archiveVersion = 1;
	classes = {
	};
	objectVersion = 50;
	objects = {

/* Begin PBXBuildFile section */
		1B08A814214E693600083C06 /* AppDelegate.swift in Sources */ = {isa = PBXBuildFile; fileRef = 1B08A813214E693600083C06 /* AppDelegate.swift */; };
		1B08A816214E693600083C06 /* art.scnassets in Resources */ = {isa = PBXBuildFile; fileRef = 1B08A815214E693600083C06 /* art.scnassets */; };
		1B08A818214E693600083C06 /* ViewController.swift in Sources */ = {isa = PBXBuildFile; fileRef = 1B08A817214E693600083C06 /* ViewController.swift */; };
		1B08A81B214E693600083C06 /* Main.storyboard in Resources */ = {isa = PBXBuildFile; fileRef = 1B08A819214E693600083C06 /* Main.storyboard */; };
		1B08A81D214E693A00083C06 /* Assets.xcassets in Resources */ = {isa = PBXBuildFile; fileRef = 1B08A81C214E693A00083C06 /* Assets.xcassets */; };
		1B08A820214E693A00083C06 /* LaunchScreen.storyboard in Resources */ = {isa = PBXBuildFile; fileRef = 1B08A81E214E693A00083C06 /* LaunchScreen.storyboard */; };
		1B08A828214E72D000083C06 /* Plane.swift in Sources */ = {isa = PBXBuildFile; fileRef = 1B08A827214E72D000083C06 /* Plane.swift */; };
		1B9B9A472152D4130001747D /* IkemenNode.swift in Sources */ = {isa = PBXBuildFile; fileRef = 1B9B9A462152D4130001747D /* IkemenNode.swift */; };
		1B9B9A4B2152E1080001747D /* DebugViewController.swift in Sources */ = {isa = PBXBuildFile; fileRef = 1B9B9A4A2152E1080001747D /* DebugViewController.swift */; };
/* End PBXBuildFile section */

/* Begin PBXFileReference section */
		1B08A810214E693600083C06 /* ARPanelTest.app */ = {isa = PBXFileReference; explicitFileType = wrapper.application; includeInIndex = 0; path = ARPanelTest.app; sourceTree = BUILT_PRODUCTS_DIR; };
		1B08A813214E693600083C06 /* AppDelegate.swift */ = {isa = PBXFileReference; lastKnownFileType = sourcecode.swift; path = AppDelegate.swift; sourceTree = "<group>"; };
		1B08A815214E693600083C06 /* art.scnassets */ = {isa = PBXFileReference; lastKnownFileType = wrapper.scnassets; path = art.scnassets; sourceTree = "<group>"; };
		1B08A817214E693600083C06 /* ViewController.swift */ = {isa = PBXFileReference; lastKnownFileType = sourcecode.swift; path = ViewController.swift; sourceTree = "<group>"; };
		1B08A81A214E693600083C06 /* Base */ = {isa = PBXFileReference; lastKnownFileType = file.storyboard; name = Base; path = Base.lproj/Main.storyboard; sourceTree = "<group>"; };
		1B08A81C214E693A00083C06 /* Assets.xcassets */ = {isa = PBXFileReference; lastKnownFileType = folder.assetcatalog; path = Assets.xcassets; sourceTree = "<group>"; };
		1B08A81F214E693A00083C06 /* Base */ = {isa = PBXFileReference; lastKnownFileType = file.storyboard; name = Base; path = Base.lproj/LaunchScreen.storyboard; sourceTree = "<group>"; };
		1B08A821214E693A00083C06 /* Info.plist */ = {isa = PBXFileReference; lastKnownFileType = text.plist.xml; path = Info.plist; sourceTree = "<group>"; };
		1B08A827214E72D000083C06 /* Plane.swift */ = {isa = PBXFileReference; lastKnownFileType = sourcecode.swift; path = Plane.swift; sourceTree = "<group>"; };
		1B9B9A462152D4130001747D /* IkemenNode.swift */ = {isa = PBXFileReference; lastKnownFileType = sourcecode.swift; path = IkemenNode.swift; sourceTree = "<group>"; };
		1B9B9A4A2152E1080001747D /* DebugViewController.swift */ = {isa = PBXFileReference; lastKnownFileType = sourcecode.swift; path = DebugViewController.swift; sourceTree = "<group>"; };
/* End PBXFileReference section */

/* Begin PBXFrameworksBuildPhase section */
		1B08A80D214E693600083C06 /* Frameworks */ = {
			isa = PBXFrameworksBuildPhase;
			buildActionMask = 2147483647;
			files = (
			);
			runOnlyForDeploymentPostprocessing = 0;
		};
/* End PBXFrameworksBuildPhase section */

/* Begin PBXGroup section */
		1B08A807214E693600083C06 = {
			isa = PBXGroup;
			children = (
				1B08A812214E693600083C06 /* ARPanelTest */,
				1B08A811214E693600083C06 /* Products */,
			);
			sourceTree = "<group>";
		};
		1B08A811214E693600083C06 /* Products */ = {
			isa = PBXGroup;
			children = (
				1B08A810214E693600083C06 /* ARPanelTest.app */,
			);
			name = Products;
			sourceTree = "<group>";
		};
		1B08A812214E693600083C06 /* ARPanelTest */ = {
			isa = PBXGroup;
			children = (
				1B08A813214E693600083C06 /* AppDelegate.swift */,
				1B08A815214E693600083C06 /* art.scnassets */,
				1B08A817214E693600083C06 /* ViewController.swift */,
				1B9B9A4A2152E1080001747D /* DebugViewController.swift */,
				1B08A827214E72D000083C06 /* Plane.swift */,
				1B9B9A462152D4130001747D /* IkemenNode.swift */,
				1B08A819214E693600083C06 /* Main.storyboard */,
				1B08A81C214E693A00083C06 /* Assets.xcassets */,
				1B08A81E214E693A00083C06 /* LaunchScreen.storyboard */,
				1B08A821214E693A00083C06 /* Info.plist */,
			);
			path = ARPanelTest;
			sourceTree = "<group>";
		};
/* End PBXGroup section */

/* Begin PBXNativeTarget section */
		1B08A80F214E693600083C06 /* ARPanelTest */ = {
			isa = PBXNativeTarget;
			buildConfigurationList = 1B08A824214E693A00083C06 /* Build configuration list for PBXNativeTarget "ARPanelTest" */;
			buildPhases = (
				1B08A80C214E693600083C06 /* Sources */,
				1B08A80D214E693600083C06 /* Frameworks */,
				1B08A80E214E693600083C06 /* Resources */,
			);
			buildRules = (
			);
			dependencies = (
			);
			name = ARPanelTest;
			productName = ARPanelTest;
			productReference = 1B08A810214E693600083C06 /* ARPanelTest.app */;
			productType = "com.apple.product-type.application";
		};
/* End PBXNativeTarget section */

/* Begin PBXProject section */
		1B08A808214E693600083C06 /* Project object */ = {
			isa = PBXProject;
			attributes = {
				LastSwiftUpdateCheck = 1000;
				LastUpgradeCheck = 1000;
				ORGANIZATIONNAME = "kawaguchi kohei";
				TargetAttributes = {
					1B08A80F214E693600083C06 = {
						CreatedOnToolsVersion = 10.0;
					};
				};
			};
			buildConfigurationList = 1B08A80B214E693600083C06 /* Build configuration list for PBXProject "ARPanelTest" */;
			compatibilityVersion = "Xcode 9.3";
			developmentRegion = en;
			hasScannedForEncodings = 0;
			knownRegions = (
				en,
				Base,
			);
			mainGroup = 1B08A807214E693600083C06;
			productRefGroup = 1B08A811214E693600083C06 /* Products */;
			projectDirPath = "";
			projectRoot = "";
			targets = (
				1B08A80F214E693600083C06 /* ARPanelTest */,
			);
		};
/* End PBXProject section */

/* Begin PBXResourcesBuildPhase section */
		1B08A80E214E693600083C06 /* Resources */ = {
			isa = PBXResourcesBuildPhase;
			buildActionMask = 2147483647;
			files = (
				1B08A816214E693600083C06 /* art.scnassets in Resources */,
				1B08A820214E693A00083C06 /* LaunchScreen.storyboard in Resources */,
				1B08A81D214E693A00083C06 /* Assets.xcassets in Resources */,
				1B08A81B214E693600083C06 /* Main.storyboard in Resources */,
			);
			runOnlyForDeploymentPostprocessing = 0;
		};
/* End PBXResourcesBuildPhase section */

/* Begin PBXSourcesBuildPhase section */
		1B08A80C214E693600083C06 /* Sources */ = {
			isa = PBXSourcesBuildPhase;
			buildActionMask = 2147483647;
			files = (
				1B08A818214E693600083C06 /* ViewController.swift in Sources */,
				1B08A828214E72D000083C06 /* Plane.swift in Sources */,
				1B9B9A472152D4130001747D /* IkemenNode.swift in Sources */,
				1B08A814214E693600083C06 /* AppDelegate.swift in Sources */,
				1B9B9A4B2152E1080001747D /* DebugViewController.swift in Sources */,
			);
			runOnlyForDeploymentPostprocessing = 0;
		};
/* End PBXSourcesBuildPhase section */

/* Begin PBXVariantGroup section */
		1B08A819214E693600083C06 /* Main.storyboard */ = {
			isa = PBXVariantGroup;
			children = (
				1B08A81A214E693600083C06 /* Base */,
			);
			name = Main.storyboard;
			sourceTree = "<group>";
		};
		1B08A81E214E693A00083C06 /* LaunchScreen.storyboard */ = {
			isa = PBXVariantGroup;
			children = (
				1B08A81F214E693A00083C06 /* Base */,
			);
			name = LaunchScreen.storyboard;
			sourceTree = "<group>";
		};
/* End PBXVariantGroup section */

/* Begin XCBuildConfiguration section */
		1B08A822214E693A00083C06 /* Debug */ = {
			isa = XCBuildConfiguration;
			buildSettings = {
				ALWAYS_SEARCH_USER_PATHS = NO;
				CLANG_ANALYZER_NONNULL = YES;
				CLANG_ANALYZER_NUMBER_OBJECT_CONVERSION = YES_AGGRESSIVE;
				CLANG_CXX_LANGUAGE_STANDARD = "gnu++14";
				CLANG_CXX_LIBRARY = "libc++";
				CLANG_ENABLE_MODULES = YES;
				CLANG_ENABLE_OBJC_ARC = YES;
				CLANG_ENABLE_OBJC_WEAK = YES;
				CLANG_WARN_BLOCK_CAPTURE_AUTORELEASING = YES;
				CLANG_WARN_BOOL_CONVERSION = YES;
				CLANG_WARN_COMMA = YES;
				CLANG_WARN_CONSTANT_CONVERSION = YES;
				CLANG_WARN_DEPRECATED_OBJC_IMPLEMENTATIONS = YES;
				CLANG_WARN_DIRECT_OBJC_ISA_USAGE = YES_ERROR;
				CLANG_WARN_DOCUMENTATION_COMMENTS = YES;
				CLANG_WARN_EMPTY_BODY = YES;
				CLANG_WARN_ENUM_CONVERSION = YES;
				CLANG_WARN_INFINITE_RECURSION = YES;
				CLANG_WARN_INT_CONVERSION = YES;
				CLANG_WARN_NON_LITERAL_NULL_CONVERSION = YES;
				CLANG_WARN_OBJC_IMPLICIT_RETAIN_SELF = YES;
				CLANG_WARN_OBJC_LITERAL_CONVERSION = YES;
				CLANG_WARN_OBJC_ROOT_CLASS = YES_ERROR;
				CLANG_WARN_RANGE_LOOP_ANALYSIS = YES;
				CLANG_WARN_STRICT_PROTOTYPES = YES;
				CLANG_WARN_SUSPICIOUS_MOVE = YES;
				CLANG_WARN_UNGUARDED_AVAILABILITY = YES_AGGRESSIVE;
				CLANG_WARN_UNREACHABLE_CODE = YES;
				CLANG_WARN__DUPLICATE_METHOD_MATCH = YES;
				CODE_SIGN_IDENTITY = "iPhone Developer";
				COPY_PHASE_STRIP = NO;
				DEBUG_INFORMATION_FORMAT = dwarf;
				ENABLE_STRICT_OBJC_MSGSEND = YES;
				ENABLE_TESTABILITY = YES;
				GCC_C_LANGUAGE_STANDARD = gnu11;
				GCC_DYNAMIC_NO_PIC = NO;
				GCC_NO_COMMON_BLOCKS = YES;
				GCC_OPTIMIZATION_LEVEL = 0;
				GCC_PREPROCESSOR_DEFINITIONS = (
					"DEBUG=1",
					"$(inherited)",
				);
				GCC_WARN_64_TO_32_BIT_CONVERSION = YES;
				GCC_WARN_ABOUT_RETURN_TYPE = YES_ERROR;
				GCC_WARN_UNDECLARED_SELECTOR = YES;
				GCC_WARN_UNINITIALIZED_AUTOS = YES_AGGRESSIVE;
				GCC_WARN_UNUSED_FUNCTION = YES;
				GCC_WARN_UNUSED_VARIABLE = YES;
				IPHONEOS_DEPLOYMENT_TARGET = 12.0;
				MTL_ENABLE_DEBUG_INFO = INCLUDE_SOURCE;
				MTL_FAST_MATH = YES;
				ONLY_ACTIVE_ARCH = YES;
				SDKROOT = iphoneos;
				SWIFT_ACTIVE_COMPILATION_CONDITIONS = DEBUG;
				SWIFT_OPTIMIZATION_LEVEL = "-Onone";
			};
			name = Debug;
		};
		1B08A823214E693A00083C06 /* Release */ = {
			isa = XCBuildConfiguration;
			buildSettings = {
				ALWAYS_SEARCH_USER_PATHS = NO;
				CLANG_ANALYZER_NONNULL = YES;
				CLANG_ANALYZER_NUMBER_OBJECT_CONVERSION = YES_AGGRESSIVE;
				CLANG_CXX_LANGUAGE_STANDARD = "gnu++14";
				CLANG_CXX_LIBRARY = "libc++";
				CLANG_ENABLE_MODULES = YES;
				CLANG_ENABLE_OBJC_ARC = YES;
				CLANG_ENABLE_OBJC_WEAK = YES;
				CLANG_WARN_BLOCK_CAPTURE_AUTORELEASING = YES;
				CLANG_WARN_BOOL_CONVERSION = YES;
				CLANG_WARN_COMMA = YES;
				CLANG_WARN_CONSTANT_CONVERSION = YES;
				CLANG_WARN_DEPRECATED_OBJC_IMPLEMENTATIONS = YES;
				CLANG_WARN_DIRECT_OBJC_ISA_USAGE = YES_ERROR;
				CLANG_WARN_DOCUMENTATION_COMMENTS = YES;
				CLANG_WARN_EMPTY_BODY = YES;
				CLANG_WARN_ENUM_CONVERSION = YES;
				CLANG_WARN_INFINITE_RECURSION = YES;
				CLANG_WARN_INT_CONVERSION = YES;
				CLANG_WARN_NON_LITERAL_NULL_CONVERSION = YES;
				CLANG_WARN_OBJC_IMPLICIT_RETAIN_SELF = YES;
				CLANG_WARN_OBJC_LITERAL_CONVERSION = YES;
				CLANG_WARN_OBJC_ROOT_CLASS = YES_ERROR;
				CLANG_WARN_RANGE_LOOP_ANALYSIS = YES;
				CLANG_WARN_STRICT_PROTOTYPES = YES;
				CLANG_WARN_SUSPICIOUS_MOVE = YES;
				CLANG_WARN_UNGUARDED_AVAILABILITY = YES_AGGRESSIVE;
				CLANG_WARN_UNREACHABLE_CODE = YES;
				CLANG_WARN__DUPLICATE_METHOD_MATCH = YES;
				CODE_SIGN_IDENTITY = "iPhone Developer";
				COPY_PHASE_STRIP = NO;
				DEBUG_INFORMATION_FORMAT = "dwarf-with-dsym";
				ENABLE_NS_ASSERTIONS = NO;
				ENABLE_STRICT_OBJC_MSGSEND = YES;
				GCC_C_LANGUAGE_STANDARD = gnu11;
				GCC_NO_COMMON_BLOCKS = YES;
				GCC_WARN_64_TO_32_BIT_CONVERSION = YES;
				GCC_WARN_ABOUT_RETURN_TYPE = YES_ERROR;
				GCC_WARN_UNDECLARED_SELECTOR = YES;
				GCC_WARN_UNINITIALIZED_AUTOS = YES_AGGRESSIVE;
				GCC_WARN_UNUSED_FUNCTION = YES;
				GCC_WARN_UNUSED_VARIABLE = YES;
				IPHONEOS_DEPLOYMENT_TARGET = 12.0;
				MTL_ENABLE_DEBUG_INFO = NO;
				MTL_FAST_MATH = YES;
				SDKROOT = iphoneos;
				SWIFT_COMPILATION_MODE = wholemodule;
				SWIFT_OPTIMIZATION_LEVEL = "-O";
				VALIDATE_PRODUCT = YES;
			};
			name = Release;
		};
		1B08A825214E693A00083C06 /* Debug */ = {
			isa = XCBuildConfiguration;
			buildSettings = {
				ASSETCATALOG_COMPILER_APPICON_NAME = AppIcon;
				CODE_SIGN_STYLE = Automatic;
				DEVELOPMENT_TEAM = W9NRS56RXP;
				INFOPLIST_FILE = ARPanelTest/Info.plist;
				IPHONEOS_DEPLOYMENT_TARGET = 11.0;
				LD_RUNPATH_SEARCH_PATHS = (
					"$(inherited)",
					"@executable_path/Frameworks",
				);
				PRODUCT_BUNDLE_IDENTIFIER = kawaguchiKohei.ARPanelTest;
				PRODUCT_NAME = "$(TARGET_NAME)";
				SWIFT_VERSION = 4.2;
				TARGETED_DEVICE_FAMILY = "1,2";
			};
			name = Debug;
		};
		1B08A826214E693A00083C06 /* Release */ = {
			isa = XCBuildConfiguration;
			buildSettings = {
				ASSETCATALOG_COMPILER_APPICON_NAME = AppIcon;
				CODE_SIGN_STYLE = Automatic;
				DEVELOPMENT_TEAM = W9NRS56RXP;
				INFOPLIST_FILE = ARPanelTest/Info.plist;
				IPHONEOS_DEPLOYMENT_TARGET = 11.0;
				LD_RUNPATH_SEARCH_PATHS = (
					"$(inherited)",
					"@executable_path/Frameworks",
				);
				PRODUCT_BUNDLE_IDENTIFIER = kawaguchiKohei.ARPanelTest;
				PRODUCT_NAME = "$(TARGET_NAME)";
				SWIFT_VERSION = 4.2;
				TARGETED_DEVICE_FAMILY = "1,2";
			};
			name = Release;
		};
/* End XCBuildConfiguration section */

/* Begin XCConfigurationList section */
		1B08A80B214E693600083C06 /* Build configuration list for PBXProject "ARPanelTest" */ = {
			isa = XCConfigurationList;
			buildConfigurations = (
				1B08A822214E693A00083C06 /* Debug */,
				1B08A823214E693A00083C06 /* Release */,
			);
			defaultConfigurationIsVisible = 0;
			defaultConfigurationName = Release;
		};
		1B08A824214E693A00083C06 /* Build configuration list for PBXNativeTarget "ARPanelTest" */ = {
			isa = XCConfigurationList;
			buildConfigurations = (
				1B08A825214E693A00083C06 /* Debug */,
				1B08A826214E693A00083C06 /* Release */,
			);
			defaultConfigurationIsVisible = 0;
			defaultConfigurationName = Release;
		};
/* End XCConfigurationList section */
	};
	rootObject = 1B08A808214E693600083C06 /* Project object */;
}
